
Microsoft Visual Studio Solution File, Format Version 12.00
# Visual Studio Version 17
VisualStudioVersion = 17.5.2.0
MinimumVisualStudioVersion = 10.0.40219.1
Project("{2150E333-8FDC-42A3-9474-1A3956D46DE8}") = "Services", "Services", "{5854FF58-B8C5-05C6-5BF2-ACE42193F22B}"
EndProject
Project("{FAE04EC0-301F-11D3-BF4B-00C04F79EFBC}") = "CatalogAPI", "Services\Catalog\CatalogAPI.csproj", "{DC14B73F-F749-18FF-DE81-C02CD8E9596B}"
EndProject
Project("{2150E333-8FDC-42A3-9474-1A3956D46DE8}") = "BuildingBlocks", "BuildingBlocks", "{7266C4A9-E384-DC00-0EB6-47F6002CFBA7}"
EndProject
Project("{FAE04EC0-301F-11D3-BF4B-00C04F79EFBC}") = "BuildingBlocks", "BuildingBlocks\BuildingBlocks\BuildingBlocks.csproj", "{B1D59BF2-0B33-47AC-974F-CB97E69EC0F1}"
EndProject
Project("{FAE04EC0-301F-11D3-BF4B-00C04F79EFBC}") = "BasketAPI", "Services\BasketAPI\BasketAPI.csproj", "{F948EE97-7345-453C-8154-C66008E8DFC8}"
EndProject
Project("{FAE04EC0-301F-11D3-BF4B-00C04F79EFBC}") = "DiscountgRPC", "Services\Discount\DiscountgRPC.csproj", "{B3350431-B907-46E0-BADE-13ED70BCED06}"
EndProject
Project("{2150E333-8FDC-42A3-9474-1A3956D46DE8}") = "Ordering", "Ordering", "{3BAACA43-EC64-C367-9FAA-9C38067293A8}"
	ProjectSection(SolutionItems) = preProject
		Readme.md = Readme.md
	EndProjectSection
EndProject
Project("{FAE04EC0-301F-11D3-BF4B-00C04F79EFBC}") = "OrderingAPI", "Services\Ordering\OrderingAPI\OrderingAPI.csproj", "{5C1693B0-F60E-4237-A855-A79508D4CD15}"
EndProject
Project("{FAE04EC0-301F-11D3-BF4B-00C04F79EFBC}") = "Ordering.Domain", "Services\Ordering\Ordering.Domain\Ordering.Domain.csproj", "{1F50AFAE-C324-4652-B1F5-E376541A1D17}"
EndProject
Project("{FAE04EC0-301F-11D3-BF4B-00C04F79EFBC}") = "Ordering.Application", "Services\Ordering\Ordering.Application\Ordering.Application.csproj", "{8F2D7D80-E0D9-459B-BAFF-883825608BF8}"
EndProject
Project("{FAE04EC0-301F-11D3-BF4B-00C04F79EFBC}") = "Ordering.Infrastructure", "Services\Ordering\Ordering.Infrastructure\Ordering.Infrastructure.csproj", "{38F17A48-27F3-4E5B-8D5F-9EC8D879CBCD}"
EndProject
Project("{FAE04EC0-301F-11D3-BF4B-00C04F79EFBC}") = "BuildingBlocks.Messaging", "BuildingBlocks\BuildingBlocks.Messaging\BuildingBlocks.Messaging.csproj", "{D8C1B057-45EA-450E-A803-3C030649EB1E}"
EndProject
Project("{2150E333-8FDC-42A3-9474-1A3956D46DE8}") = "ApiGateways", "ApiGateways", "{8450CF56-5DC7-366A-AE0A-4A8614F474CF}"
EndProject
Project("{FAE04EC0-301F-11D3-BF4B-00C04F79EFBC}") = "YarpApiGateway", "ApiGateways\YarpApiGateway\YarpApiGateway.csproj", "{C41D6B4D-0ACE-45A9-980C-DBD6029894FA}"
EndProject
Global
	GlobalSection(SolutionConfigurationPlatforms) = preSolution
		Debug|Any CPU = Debug|Any CPU
		Debug|x64 = Debug|x64
		Debug|x86 = Debug|x86
		Release|Any CPU = Release|Any CPU
		Release|x64 = Release|x64
		Release|x86 = Release|x86
	EndGlobalSection
	GlobalSection(ProjectConfigurationPlatforms) = postSolution
		{DC14B73F-F749-18FF-DE81-C02CD8E9596B}.Debug|Any CPU.ActiveCfg = Debug|Any CPU
		{DC14B73F-F749-18FF-DE81-C02CD8E9596B}.Debug|Any CPU.Build.0 = Debug|Any CPU
		{DC14B73F-F749-18FF-DE81-C02CD8E9596B}.Debug|x64.ActiveCfg = Debug|Any CPU
		{DC14B73F-F749-18FF-DE81-C02CD8E9596B}.Debug|x64.Build.0 = Debug|Any CPU
		{DC14B73F-F749-18FF-DE81-C02CD8E9596B}.Debug|x86.ActiveCfg = Debug|Any CPU
		{DC14B73F-F749-18FF-DE81-C02CD8E9596B}.Debug|x86.Build.0 = Debug|Any CPU
		{DC14B73F-F749-18FF-DE81-C02CD8E9596B}.Release|Any CPU.ActiveCfg = Release|Any CPU
		{DC14B73F-F749-18FF-DE81-C02CD8E9596B}.Release|Any CPU.Build.0 = Release|Any CPU
		{DC14B73F-F749-18FF-DE81-C02CD8E9596B}.Release|x64.ActiveCfg = Release|Any CPU
		{DC14B73F-F749-18FF-DE81-C02CD8E9596B}.Release|x64.Build.0 = Release|Any CPU
		{DC14B73F-F749-18FF-DE81-C02CD8E9596B}.Release|x86.ActiveCfg = Release|Any CPU
		{DC14B73F-F749-18FF-DE81-C02CD8E9596B}.Release|x86.Build.0 = Release|Any CPU
		{B1D59BF2-0B33-47AC-974F-CB97E69EC0F1}.Debug|Any CPU.ActiveCfg = Debug|Any CPU
		{B1D59BF2-0B33-47AC-974F-CB97E69EC0F1}.Debug|Any CPU.Build.0 = Debug|Any CPU
		{B1D59BF2-0B33-47AC-974F-CB97E69EC0F1}.Debug|x64.ActiveCfg = Debug|Any CPU
		{B1D59BF2-0B33-47AC-974F-CB97E69EC0F1}.Debug|x64.Build.0 = Debug|Any CPU
		{B1D59BF2-0B33-47AC-974F-CB97E69EC0F1}.Debug|x86.ActiveCfg = Debug|Any CPU
		{B1D59BF2-0B33-47AC-974F-CB97E69EC0F1}.Debug|x86.Build.0 = Debug|Any CPU
		{B1D59BF2-0B33-47AC-974F-CB97E69EC0F1}.Release|Any CPU.ActiveCfg = Release|Any CPU
		{B1D59BF2-0B33-47AC-974F-CB97E69EC0F1}.Release|Any CPU.Build.0 = Release|Any CPU
		{B1D59BF2-0B33-47AC-974F-CB97E69EC0F1}.Release|x64.ActiveCfg = Release|Any CPU
		{B1D59BF2-0B33-47AC-974F-CB97E69EC0F1}.Release|x64.Build.0 = Release|Any CPU
		{B1D59BF2-0B33-47AC-974F-CB97E69EC0F1}.Release|x86.ActiveCfg = Release|Any CPU
		{B1D59BF2-0B33-47AC-974F-CB97E69EC0F1}.Release|x86.Build.0 = Release|Any CPU
		{F948EE97-7345-453C-8154-C66008E8DFC8}.Debug|Any CPU.ActiveCfg = Debug|Any CPU
		{F948EE97-7345-453C-8154-C66008E8DFC8}.Debug|Any CPU.Build.0 = Debug|Any CPU
		{F948EE97-7345-453C-8154-C66008E8DFC8}.Debug|x64.ActiveCfg = Debug|Any CPU
		{F948EE97-7345-453C-8154-C66008E8DFC8}.Debug|x64.Build.0 = Debug|Any CPU
		{F948EE97-7345-453C-8154-C66008E8DFC8}.Debug|x86.ActiveCfg = Debug|Any CPU
		{F948EE97-7345-453C-8154-C66008E8DFC8}.Debug|x86.Build.0 = Debug|Any CPU
		{F948EE97-7345-453C-8154-C66008E8DFC8}.Release|Any CPU.ActiveCfg = Release|Any CPU
		{F948EE97-7345-453C-8154-C66008E8DFC8}.Release|Any CPU.Build.0 = Release|Any CPU
		{F948EE97-7345-453C-8154-C66008E8DFC8}.Release|x64.ActiveCfg = Release|Any CPU
		{F948EE97-7345-453C-8154-C66008E8DFC8}.Release|x64.Build.0 = Release|Any CPU
		{F948EE97-7345-453C-8154-C66008E8DFC8}.Release|x86.ActiveCfg = Release|Any CPU
		{F948EE97-7345-453C-8154-C66008E8DFC8}.Release|x86.Build.0 = Release|Any CPU
		{B3350431-B907-46E0-BADE-13ED70BCED06}.Debug|Any CPU.ActiveCfg = Debug|Any CPU
		{B3350431-B907-46E0-BADE-13ED70BCED06}.Debug|Any CPU.Build.0 = Debug|Any CPU
		{B3350431-B907-46E0-BADE-13ED70BCED06}.Debug|x64.ActiveCfg = Debug|Any CPU
		{B3350431-B907-46E0-BADE-13ED70BCED06}.Debug|x64.Build.0 = Debug|Any CPU
		{B3350431-B907-46E0-BADE-13ED70BCED06}.Debug|x86.ActiveCfg = Debug|Any CPU
		{B3350431-B907-46E0-BADE-13ED70BCED06}.Debug|x86.Build.0 = Debug|Any CPU
		{B3350431-B907-46E0-BADE-13ED70BCED06}.Release|Any CPU.ActiveCfg = Release|Any CPU
		{B3350431-B907-46E0-BADE-13ED70BCED06}.Release|Any CPU.Build.0 = Release|Any CPU
		{B3350431-B907-46E0-BADE-13ED70BCED06}.Release|x64.ActiveCfg = Release|Any CPU
		{B3350431-B907-46E0-BADE-13ED70BCED06}.Release|x64.Build.0 = Release|Any CPU
		{B3350431-B907-46E0-BADE-13ED70BCED06}.Release|x86.ActiveCfg = Release|Any CPU
		{B3350431-B907-46E0-BADE-13ED70BCED06}.Release|x86.Build.0 = Release|Any CPU
		{5C1693B0-F60E-4237-A855-A79508D4CD15}.Debug|Any CPU.ActiveCfg = Debug|Any CPU
		{5C1693B0-F60E-4237-A855-A79508D4CD15}.Debug|Any CPU.Build.0 = Debug|Any CPU
		{5C1693B0-F60E-4237-A855-A79508D4CD15}.Debug|x64.ActiveCfg = Debug|Any CPU
		{5C1693B0-F60E-4237-A855-A79508D4CD15}.Debug|x64.Build.0 = Debug|Any CPU
		{5C1693B0-F60E-4237-A855-A79508D4CD15}.Debug|x86.ActiveCfg = Debug|Any CPU
		{5C1693B0-F60E-4237-A855-A79508D4CD15}.Debug|x86.Build.0 = Debug|Any CPU
		{5C1693B0-F60E-4237-A855-A79508D4CD15}.Release|Any CPU.ActiveCfg = Release|Any CPU
		{5C1693B0-F60E-4237-A855-A79508D4CD15}.Release|Any CPU.Build.0 = Release|Any CPU
		{5C1693B0-F60E-4237-A855-A79508D4CD15}.Release|x64.ActiveCfg = Release|Any CPU
		{5C1693B0-F60E-4237-A855-A79508D4CD15}.Release|x64.Build.0 = Release|Any CPU
		{5C1693B0-F60E-4237-A855-A79508D4CD15}.Release|x86.ActiveCfg = Release|Any CPU
		{5C1693B0-F60E-4237-A855-A79508D4CD15}.Release|x86.Build.0 = Release|Any CPU
		{1F50AFAE-C324-4652-B1F5-E376541A1D17}.Debug|Any CPU.ActiveCfg = Debug|Any CPU
		{1F50AFAE-C324-4652-B1F5-E376541A1D17}.Debug|Any CPU.Build.0 = Debug|Any CPU
		{1F50AFAE-C324-4652-B1F5-E376541A1D17}.Debug|x64.ActiveCfg = Debug|Any CPU
		{1F50AFAE-C324-4652-B1F5-E376541A1D17}.Debug|x64.Build.0 = Debug|Any CPU
		{1F50AFAE-C324-4652-B1F5-E376541A1D17}.Debug|x86.ActiveCfg = Debug|Any CPU
		{1F50AFAE-C324-4652-B1F5-E376541A1D17}.Debug|x86.Build.0 = Debug|Any CPU
		{1F50AFAE-C324-4652-B1F5-E376541A1D17}.Release|Any CPU.ActiveCfg = Release|Any CPU
		{1F50AFAE-C324-4652-B1F5-E376541A1D17}.Release|Any CPU.Build.0 = Release|Any CPU
		{1F50AFAE-C324-4652-B1F5-E376541A1D17}.Release|x64.ActiveCfg = Release|Any CPU
		{1F50AFAE-C324-4652-B1F5-E376541A1D17}.Release|x64.Build.0 = Release|Any CPU
		{1F50AFAE-C324-4652-B1F5-E376541A1D17}.Release|x86.ActiveCfg = Release|Any CPU
		{1F50AFAE-C324-4652-B1F5-E376541A1D17}.Release|x86.Build.0 = Release|Any CPU
		{8F2D7D80-E0D9-459B-BAFF-883825608BF8}.Debug|Any CPU.ActiveCfg = Debug|Any CPU
		{8F2D7D80-E0D9-459B-BAFF-883825608BF8}.Debug|Any CPU.Build.0 = Debug|Any CPU
		{8F2D7D80-E0D9-459B-BAFF-883825608BF8}.Debug|x64.ActiveCfg = Debug|Any CPU
		{8F2D7D80-E0D9-459B-BAFF-883825608BF8}.Debug|x64.Build.0 = Debug|Any CPU
		{8F2D7D80-E0D9-459B-BAFF-883825608BF8}.Debug|x86.ActiveCfg = Debug|Any CPU
		{8F2D7D80-E0D9-459B-BAFF-883825608BF8}.Debug|x86.Build.0 = Debug|Any CPU
		{8F2D7D80-E0D9-459B-BAFF-883825608BF8}.Release|Any CPU.ActiveCfg = Release|Any CPU
		{8F2D7D80-E0D9-459B-BAFF-883825608BF8}.Release|Any CPU.Build.0 = Release|Any CPU
		{8F2D7D80-E0D9-459B-BAFF-883825608BF8}.Release|x64.ActiveCfg = Release|Any CPU
		{8F2D7D80-E0D9-459B-BAFF-883825608BF8}.Release|x64.Build.0 = Release|Any CPU
		{8F2D7D80-E0D9-459B-BAFF-883825608BF8}.Release|x86.ActiveCfg = Release|Any CPU
		{8F2D7D80-E0D9-459B-BAFF-883825608BF8}.Release|x86.Build.0 = Release|Any CPU
		{38F17A48-27F3-4E5B-8D5F-9EC8D879CBCD}.Debug|Any CPU.ActiveCfg = Debug|Any CPU
		{38F17A48-27F3-4E5B-8D5F-9EC8D879CBCD}.Debug|Any CPU.Build.0 = Debug|Any CPU
		{38F17A48-27F3-4E5B-8D5F-9EC8D879CBCD}.Debug|x64.ActiveCfg = Debug|Any CPU
		{38F17A48-27F3-4E5B-8D5F-9EC8D879CBCD}.Debug|x64.Build.0 = Debug|Any CPU
		{38F17A48-27F3-4E5B-8D5F-9EC8D879CBCD}.Debug|x86.ActiveCfg = Debug|Any CPU
		{38F17A48-27F3-4E5B-8D5F-9EC8D879CBCD}.Debug|x86.Build.0 = Debug|Any CPU
		{38F17A48-27F3-4E5B-8D5F-9EC8D879CBCD}.Release|Any CPU.ActiveCfg = Release|Any CPU
		{38F17A48-27F3-4E5B-8D5F-9EC8D879CBCD}.Release|Any CPU.Build.0 = Release|Any CPU
		{38F17A48-27F3-4E5B-8D5F-9EC8D879CBCD}.Release|x64.ActiveCfg = Release|Any CPU
		{38F17A48-27F3-4E5B-8D5F-9EC8D879CBCD}.Release|x64.Build.0 = Release|Any CPU
		{38F17A48-27F3-4E5B-8D5F-9EC8D879CBCD}.Release|x86.ActiveCfg = Release|Any CPU
		{38F17A48-27F3-4E5B-8D5F-9EC8D879CBCD}.Release|x86.Build.0 = Release|Any CPU
		{D8C1B057-45EA-450E-A803-3C030649EB1E}.Debug|Any CPU.ActiveCfg = Debug|Any CPU
		{D8C1B057-45EA-450E-A803-3C030649EB1E}.Debug|Any CPU.Build.0 = Debug|Any CPU
		{D8C1B057-45EA-450E-A803-3C030649EB1E}.Debug|x64.ActiveCfg = Debug|Any CPU
		{D8C1B057-45EA-450E-A803-3C030649EB1E}.Debug|x64.Build.0 = Debug|Any CPU
		{D8C1B057-45EA-450E-A803-3C030649EB1E}.Debug|x86.ActiveCfg = Debug|Any CPU
		{D8C1B057-45EA-450E-A803-3C030649EB1E}.Debug|x86.Build.0 = Debug|Any CPU
		{D8C1B057-45EA-450E-A803-3C030649EB1E}.Release|Any CPU.ActiveCfg = Release|Any CPU
		{D8C1B057-45EA-450E-A803-3C030649EB1E}.Release|Any CPU.Build.0 = Release|Any CPU
		{D8C1B057-45EA-450E-A803-3C030649EB1E}.Release|x64.ActiveCfg = Release|Any CPU
		{D8C1B057-45EA-450E-A803-3C030649EB1E}.Release|x64.Build.0 = Release|Any CPU
		{D8C1B057-45EA-450E-A803-3C030649EB1E}.Release|x86.ActiveCfg = Release|Any CPU
		{D8C1B057-45EA-450E-A803-3C030649EB1E}.Release|x86.Build.0 = Release|Any CPU
		{C41D6B4D-0ACE-45A9-980C-DBD6029894FA}.Debug|Any CPU.ActiveCfg = Debug|Any CPU
		{C41D6B4D-0ACE-45A9-980C-DBD6029894FA}.Debug|Any CPU.Build.0 = Debug|Any CPU
		{C41D6B4D-0ACE-45A9-980C-DBD6029894FA}.Debug|x64.ActiveCfg = Debug|Any CPU
		{C41D6B4D-0ACE-45A9-980C-DBD6029894FA}.Debug|x64.Build.0 = Debug|Any CPU
		{C41D6B4D-0ACE-45A9-980C-DBD6029894FA}.Debug|x86.ActiveCfg = Debug|Any CPU
		{C41D6B4D-0ACE-45A9-980C-DBD6029894FA}.Debug|x86.Build.0 = Debug|Any CPU
		{C41D6B4D-0ACE-45A9-980C-DBD6029894FA}.Release|Any CPU.ActiveCfg = Release|Any CPU
		{C41D6B4D-0ACE-45A9-980C-DBD6029894FA}.Release|Any CPU.Build.0 = Release|Any CPU
		{C41D6B4D-0ACE-45A9-980C-DBD6029894FA}.Release|x64.ActiveCfg = Release|Any CPU
		{C41D6B4D-0ACE-45A9-980C-DBD6029894FA}.Release|x64.Build.0 = Release|Any CPU
		{C41D6B4D-0ACE-45A9-980C-DBD6029894FA}.Release|x86.ActiveCfg = Release|Any CPU
		{C41D6B4D-0ACE-45A9-980C-DBD6029894FA}.Release|x86.Build.0 = Release|Any CPU
	EndGlobalSection
	GlobalSection(SolutionProperties) = preSolution
		HideSolutionNode = FALSE
	EndGlobalSection
	GlobalSection(NestedProjects) = preSolution
		{DC14B73F-F749-18FF-DE81-C02CD8E9596B} = {5854FF58-B8C5-05C6-5BF2-ACE42193F22B}
		{B1D59BF2-0B33-47AC-974F-CB97E69EC0F1} = {7266C4A9-E384-DC00-0EB6-47F6002CFBA7}
		{F948EE97-7345-453C-8154-C66008E8DFC8} = {5854FF58-B8C5-05C6-5BF2-ACE42193F22B}
		{B3350431-B907-46E0-BADE-13ED70BCED06} = {5854FF58-B8C5-05C6-5BF2-ACE42193F22B}
		{3BAACA43-EC64-C367-9FAA-9C38067293A8} = {5854FF58-B8C5-05C6-5BF2-ACE42193F22B}
		{5C1693B0-F60E-4237-A855-A79508D4CD15} = {3BAACA43-EC64-C367-9FAA-9C38067293A8}
		{1F50AFAE-C324-4652-B1F5-E376541A1D17} = {3BAACA43-EC64-C367-9FAA-9C38067293A8}
		{8F2D7D80-E0D9-459B-BAFF-883825608BF8} = {3BAACA43-EC64-C367-9FAA-9C38067293A8}
		{38F17A48-27F3-4E5B-8D5F-9EC8D879CBCD} = {3BAACA43-EC64-C367-9FAA-9C38067293A8}
		{D8C1B057-45EA-450E-A803-3C030649EB1E} = {7266C4A9-E384-DC00-0EB6-47F6002CFBA7}
		{C41D6B4D-0ACE-45A9-980C-DBD6029894FA} = {8450CF56-5DC7-366A-AE0A-4A8614F474CF}
	EndGlobalSection
	GlobalSection(ExtensibilityGlobals) = postSolution
		SolutionGuid = {2A28EA08-4544-4BC8-8005-542040F31409}
	EndGlobalSection
EndGlobal
